PODS:
  - Alamofire (5.8.1)
  - Resolver (1.5.0)

DEPENDENCIES:
  - Alamofire (~> 5.8.1)
  - Resolver (~> 1.5.0)

SPEC REPOS:
  trunk:
    - Alamofire
    - Resolver

SPEC CHECKSUMS:
  Alamofire: 3ca42e259043ee0dc5c0cdd76c4bc568b8e42af7
  Resolver: 68984624572763018fd8ec7b8e3e8df0e3b6bba5

PODFILE CHECKSUM: c3092befc1b04f847d13337411dbd7d30353b0c1

COCOAPODS: 1.14.2
