PODS:
  - Alamofire (5.4.4)
  - Resolver (1.5.0)
  - RxAlamofire (6.1.1):
    - RxAlamofire/Core (= 6.1.1)
  - RxAlamofire/Core (6.1.1):
    - Alamofire (~> 5.4)
    - RxSwift (~> 6.0)
  - RxSwift (6.6.0)

DEPENDENCIES:
  - Resolver (~> 1.5.0)
  - RxAlamofire

SPEC REPOS:
  trunk:
    - Alamofire
    - Resolver
    - RxAlamofire
    - RxSwift

SPEC CHECKSUMS:
  Alamofire: f3b09a368f1582ab751b3fff5460276e0d2cf5c9
  Resolver: 68984624572763018fd8ec7b8e3e8df0e3b6bba5
  RxAlamofire: beb75a1c452d0de225651db4903f5d29d034a620
  RxSwift: a4b44f7d24599f674deebd1818eab82e58410632

PODFILE CHECKSUM: b6dd63194cbe12594f888ddcf56569657bde3f88

COCOAPODS: 1.14.2
