// !$*UTF8*$!
{
	archiveVersion = 1;
	classes = {
	};
	objectVersion = 56;
	objects = {

/* Begin PBXBuildFile section */
		B911D5512CD85DAE9E345A21 /* Pods_Weather_app.framework in Frameworks */ = {isa = PBXBuildFile; fileRef = 4C882084CECCB2C1FF5E50D1 /* Pods_Weather_app.framework */; };
		E719ABD92B5075F900B5D4D1 /* WeatherForecast.swift in Sources */ = {isa = PBXBuildFile; fileRef = E719ABD82B5075F900B5D4D1 /* WeatherForecast.swift */; };
		E719ABDC2B50870700B5D4D1 /* Errors.swift in Sources */ = {isa = PBXBuildFile; fileRef = E719ABDB2B50870700B5D4D1 /* Errors.swift */; };
		E719ABDF2B50877500B5D4D1 /* ApiConstants.swift in Sources */ = {isa = PBXBuildFile; fileRef = E719ABDE2B50877500B5D4D1 /* ApiConstants.swift */; };
		E7A3B2962B3EB8380039EB49 /* Weather_appApp.swift in Sources */ = {isa = PBXBuildFile; fileRef = E7A3B2952B3EB8380039EB49 /* Weather_appApp.swift */; };
		E7A3B2982B3EB8380039EB49 /* ContentView.swift in Sources */ = {isa = PBXBuildFile; fileRef = E7A3B2972B3EB8380039EB49 /* ContentView.swift */; };
		E7A3B29A2B3EB8390039EB49 /* Assets.xcassets in Resources */ = {isa = PBXBuildFile; fileRef = E7A3B2992B3EB8390039EB49 /* Assets.xcassets */; };
		E7A3B29D2B3EB8390039EB49 /* Preview Assets.xcassets in Resources */ = {isa = PBXBuildFile; fileRef = E7A3B29C2B3EB8390039EB49 /* Preview Assets.xcassets */; };
		E7A3B2AB2B3ECF4F0039EB49 /* Localizable.xcstrings in Resources */ = {isa = PBXBuildFile; fileRef = E7A3B2AA2B3ECF4F0039EB49 /* Localizable.xcstrings */; };
		E7A3B2AD2B3EDEDC0039EB49 /* Strings.swift in Sources */ = {isa = PBXBuildFile; fileRef = E7A3B2AC2B3EDEDC0039EB49 /* Strings.swift */; };
		E7A3B2B52B3EE46E0039EB49 /* AppResText.swift in Sources */ = {isa = PBXBuildFile; fileRef = E7A3B2B42B3EE46E0039EB49 /* AppResText.swift */; };
		E7A3B2B82B3EE4EE0039EB49 /* MainScreen.swift in Sources */ = {isa = PBXBuildFile; fileRef = E7A3B2B72B3EE4EE0039EB49 /* MainScreen.swift */; };
		E7A3B2BD2B3EECE70039EB49 /* DailyForecast.swift in Sources */ = {isa = PBXBuildFile; fileRef = E7A3B2BC2B3EECE70039EB49 /* DailyForecast.swift */; };
		E7A3B2C02B41A51D0039EB49 /* HourlyForecast.swift in Sources */ = {isa = PBXBuildFile; fileRef = E7A3B2BF2B41A51D0039EB49 /* HourlyForecast.swift */; };
		E7A3B2C32B41ADE40039EB49 /* WeatherCurrentWithForecast.swift in Sources */ = {isa = PBXBuildFile; fileRef = E7A3B2C22B41ADE40039EB49 /* WeatherCurrentWithForecast.swift */; };
		E7A3B2C62B41AE690039EB49 /* Weather.swift in Sources */ = {isa = PBXBuildFile; fileRef = E7A3B2C52B41AE690039EB49 /* Weather.swift */; };
		E7A3B2C92B41AEE80039EB49 /* City.swift in Sources */ = {isa = PBXBuildFile; fileRef = E7A3B2C82B41AEE80039EB49 /* City.swift */; };
		E7A3B2CC2B41AF250039EB49 /* CurrentWeather.swift in Sources */ = {isa = PBXBuildFile; fileRef = E7A3B2CB2B41AF250039EB49 /* CurrentWeather.swift */; };
		E7A3B2CF2B41AF790039EB49 /* LatLng.swift in Sources */ = {isa = PBXBuildFile; fileRef = E7A3B2CE2B41AF790039EB49 /* LatLng.swift */; };
		E7A3B2D22B41B77A0039EB49 /* MainScreenViewModel.swift in Sources */ = {isa = PBXBuildFile; fileRef = E7A3B2D12B41B77A0039EB49 /* MainScreenViewModel.swift */; };
		E7A3B2D42B4B127B0039EB49 /* MaxAndMinTempView.swift in Sources */ = {isa = PBXBuildFile; fileRef = E7A3B2D32B4B127B0039EB49 /* MaxAndMinTempView.swift */; };
		E7A3B2D72B4B15130039EB49 /* CurrentTemp.swift in Sources */ = {isa = PBXBuildFile; fileRef = E7A3B2D62B4B15130039EB49 /* CurrentTemp.swift */; };
		E7A3B2D92B4B16C00039EB49 /* Description.swift in Sources */ = {isa = PBXBuildFile; fileRef = E7A3B2D82B4B16C00039EB49 /* Description.swift */; };
		E7A3B2DB2B4B181F0039EB49 /* Title.swift in Sources */ = {isa = PBXBuildFile; fileRef = E7A3B2DA2B4B181F0039EB49 /* Title.swift */; };
		E7A3B2DD2B4B1BB10039EB49 /* DateView.swift in Sources */ = {isa = PBXBuildFile; fileRef = E7A3B2DC2B4B1BB10039EB49 /* DateView.swift */; };
		E7A3B2DF2B4B1D600039EB49 /* OpenWeatherStamp.swift in Sources */ = {isa = PBXBuildFile; fileRef = E7A3B2DE2B4B1D600039EB49 /* OpenWeatherStamp.swift */; };
		E7A3B2E12B4B20710039EB49 /* HourlyWeatherItem.swift in Sources */ = {isa = PBXBuildFile; fileRef = E7A3B2E02B4B20710039EB49 /* HourlyWeatherItem.swift */; };
		E7A3B2E32B4B311C0039EB49 /* DailyForecastItem.swift in Sources */ = {isa = PBXBuildFile; fileRef = E7A3B2E22B4B311C0039EB49 /* DailyForecastItem.swift */; };
		E7D167602B51D7DA006532E2 /* WeatherRepositoryParser.swift in Sources */ = {isa = PBXBuildFile; fileRef = E7D1675F2B51D7D9006532E2 /* WeatherRepositoryParser.swift */; };
		E7D167622B526928006532E2 /* MainScreenState.swift in Sources */ = {isa = PBXBuildFile; fileRef = E7D167612B526928006532E2 /* MainScreenState.swift */; };
		E7D167642B526DB4006532E2 /* MainScreenViewMapper.swift in Sources */ = {isa = PBXBuildFile; fileRef = E7D167632B526DB4006532E2 /* MainScreenViewMapper.swift */; };
		E7D167692B52874A006532E2 /* InitMainScreenUseCase.swift in Sources */ = {isa = PBXBuildFile; fileRef = E7D167682B52874A006532E2 /* InitMainScreenUseCase.swift */; };
		E7D1676B2B5288F3006532E2 /* UseCaseResult.swift in Sources */ = {isa = PBXBuildFile; fileRef = E7D1676A2B5288F3006532E2 /* UseCaseResult.swift */; };
		E7D1676F2B52AA85006532E2 /* CurrentWeatherView.swift in Sources */ = {isa = PBXBuildFile; fileRef = E7D1676E2B52AA85006532E2 /* CurrentWeatherView.swift */; };
		E7D167712B52AB41006532E2 /* HourlyForecastCarousel.swift in Sources */ = {isa = PBXBuildFile; fileRef = E7D167702B52AB41006532E2 /* HourlyForecastCarousel.swift */; };
		E7D167732B52AB8E006532E2 /* DailiForecastList.swift in Sources */ = {isa = PBXBuildFile; fileRef = E7D167722B52AB8E006532E2 /* DailiForecastList.swift */; };
		E7FAC4112B504DB9004EAC3A /* WeatherRepository.swift in Sources */ = {isa = PBXBuildFile; fileRef = E7FAC4102B504DB9004EAC3A /* WeatherRepository.swift */; };
		E7FAC4162B50537D004EAC3A /* WeatherRepositoryImpl.swift in Sources */ = {isa = PBXBuildFile; fileRef = E7FAC4152B50537D004EAC3A /* WeatherRepositoryImpl.swift */; };
		E7FAC4192B505BE2004EAC3A /* WeatherApiService.swift in Sources */ = {isa = PBXBuildFile; fileRef = E7FAC4182B505BE2004EAC3A /* WeatherApiService.swift */; };
		E7FAC41C2B506299004EAC3A /* AppDelegate+Injection.swift in Sources */ = {isa = PBXBuildFile; fileRef = E7FAC41B2B506299004EAC3A /* AppDelegate+Injection.swift */; };
		E7FAC4202B506E4B004EAC3A /* LocationService.swift in Sources */ = {isa = PBXBuildFile; fileRef = E7FAC41F2B506E4B004EAC3A /* LocationService.swift */; };
/* End PBXBuildFile section */

/* Begin PBXFileReference section */
		4C882084CECCB2C1FF5E50D1 /* Pods_Weather_app.framework */ = {isa = PBXFileReference; explicitFileType = wrapper.framework; includeInIndex = 0; path = Pods_Weather_app.framework; sourceTree = BUILT_PRODUCTS_DIR; };
		7F293AE0585035C3D2894D41 /* Pods-Weather app.debug.xcconfig */ = {isa = PBXFileReference; includeInIndex = 1; lastKnownFileType = text.xcconfig; name = "Pods-Weather app.debug.xcconfig"; path = "Target Support Files/Pods-Weather app/Pods-Weather app.debug.xcconfig"; sourceTree = "<group>"; };
		B8D3A64BFC4D3AEA2E1A8A93 /* Pods-Weather app.release.xcconfig */ = {isa = PBXFileReference; includeInIndex = 1; lastKnownFileType = text.xcconfig; name = "Pods-Weather app.release.xcconfig"; path = "Target Support Files/Pods-Weather app/Pods-Weather app.release.xcconfig"; sourceTree = "<group>"; };
		E719ABD82B5075F900B5D4D1 /* WeatherForecast.swift */ = {isa = PBXFileReference; lastKnownFileType = sourcecode.swift; path = WeatherForecast.swift; sourceTree = "<group>"; };
		E719ABDB2B50870700B5D4D1 /* Errors.swift */ = {isa = PBXFileReference; lastKnownFileType = sourcecode.swift; path = Errors.swift; sourceTree = "<group>"; };
		E719ABDE2B50877500B5D4D1 /* ApiConstants.swift */ = {isa = PBXFileReference; lastKnownFileType = sourcecode.swift; path = ApiConstants.swift; sourceTree = "<group>"; };
		E719ABE02B5117EF00B5D4D1 /* Weather-app-Info.plist */ = {isa = PBXFileReference; lastKnownFileType = text.plist; path = "Weather-app-Info.plist"; sourceTree = SOURCE_ROOT; };
		E7A3B2922B3EB8380039EB49 /* Weather app.app */ = {isa = PBXFileReference; explicitFileType = wrapper.application; includeInIndex = 0; path = "Weather app.app"; sourceTree = BUILT_PRODUCTS_DIR; };
		E7A3B2952B3EB8380039EB49 /* Weather_appApp.swift */ = {isa = PBXFileReference; lastKnownFileType = sourcecode.swift; path = Weather_appApp.swift; sourceTree = "<group>"; };
		E7A3B2972B3EB8380039EB49 /* ContentView.swift */ = {isa = PBXFileReference; lastKnownFileType = sourcecode.swift; path = ContentView.swift; sourceTree = "<group>"; };
		E7A3B2992B3EB8390039EB49 /* Assets.xcassets */ = {isa = PBXFileReference; lastKnownFileType = folder.assetcatalog; path = Assets.xcassets; sourceTree = "<group>"; };
		E7A3B29C2B3EB8390039EB49 /* Preview Assets.xcassets */ = {isa = PBXFileReference; lastKnownFileType = folder.assetcatalog; path = "Preview Assets.xcassets"; sourceTree = "<group>"; };
		E7A3B2AA2B3ECF4F0039EB49 /* Localizable.xcstrings */ = {isa = PBXFileReference; lastKnownFileType = text.json.xcstrings; path = Localizable.xcstrings; sourceTree = "<group>"; };
		E7A3B2AC2B3EDEDC0039EB49 /* Strings.swift */ = {isa = PBXFileReference; lastKnownFileType = sourcecode.swift; path = Strings.swift; sourceTree = "<group>"; };
		E7A3B2B42B3EE46E0039EB49 /* AppResText.swift */ = {isa = PBXFileReference; lastKnownFileType = sourcecode.swift; path = AppResText.swift; sourceTree = "<group>"; };
		E7A3B2B72B3EE4EE0039EB49 /* MainScreen.swift */ = {isa = PBXFileReference; lastKnownFileType = sourcecode.swift; path = MainScreen.swift; sourceTree = "<group>"; };
		E7A3B2BC2B3EECE70039EB49 /* DailyForecast.swift */ = {isa = PBXFileReference; lastKnownFileType = sourcecode.swift; path = DailyForecast.swift; sourceTree = "<group>"; };
		E7A3B2BF2B41A51D0039EB49 /* HourlyForecast.swift */ = {isa = PBXFileReference; lastKnownFileType = sourcecode.swift; path = HourlyForecast.swift; sourceTree = "<group>"; };
		E7A3B2C22B41ADE40039EB49 /* WeatherCurrentWithForecast.swift */ = {isa = PBXFileReference; lastKnownFileType = sourcecode.swift; path = WeatherCurrentWithForecast.swift; sourceTree = "<group>"; };
		E7A3B2C52B41AE690039EB49 /* Weather.swift */ = {isa = PBXFileReference; lastKnownFileType = sourcecode.swift; path = Weather.swift; sourceTree = "<group>"; };
		E7A3B2C82B41AEE80039EB49 /* City.swift */ = {isa = PBXFileReference; lastKnownFileType = sourcecode.swift; path = City.swift; sourceTree = "<group>"; };
		E7A3B2CB2B41AF250039EB49 /* CurrentWeather.swift */ = {isa = PBXFileReference; lastKnownFileType = sourcecode.swift; path = CurrentWeather.swift; sourceTree = "<group>"; };
		E7A3B2CE2B41AF790039EB49 /* LatLng.swift */ = {isa = PBXFileReference; lastKnownFileType = sourcecode.swift; path = LatLng.swift; sourceTree = "<group>"; };
		E7A3B2D12B41B77A0039EB49 /* MainScreenViewModel.swift */ = {isa = PBXFileReference; lastKnownFileType = sourcecode.swift; path = MainScreenViewModel.swift; sourceTree = "<group>"; };
		E7A3B2D32B4B127B0039EB49 /* MaxAndMinTempView.swift */ = {isa = PBXFileReference; lastKnownFileType = sourcecode.swift; path = MaxAndMinTempView.swift; sourceTree = "<group>"; };
		E7A3B2D62B4B15130039EB49 /* CurrentTemp.swift */ = {isa = PBXFileReference; lastKnownFileType = sourcecode.swift; path = CurrentTemp.swift; sourceTree = "<group>"; };
		E7A3B2D82B4B16C00039EB49 /* Description.swift */ = {isa = PBXFileReference; lastKnownFileType = sourcecode.swift; path = Description.swift; sourceTree = "<group>"; };
		E7A3B2DA2B4B181F0039EB49 /* Title.swift */ = {isa = PBXFileReference; lastKnownFileType = sourcecode.swift; path = Title.swift; sourceTree = "<group>"; };
		E7A3B2DC2B4B1BB10039EB49 /* DateView.swift */ = {isa = PBXFileReference; lastKnownFileType = sourcecode.swift; path = DateView.swift; sourceTree = "<group>"; };
		E7A3B2DE2B4B1D600039EB49 /* OpenWeatherStamp.swift */ = {isa = PBXFileReference; lastKnownFileType = sourcecode.swift; path = OpenWeatherStamp.swift; sourceTree = "<group>"; };
		E7A3B2E02B4B20710039EB49 /* HourlyWeatherItem.swift */ = {isa = PBXFileReference; lastKnownFileType = sourcecode.swift; path = HourlyWeatherItem.swift; sourceTree = "<group>"; };
		E7A3B2E22B4B311C0039EB49 /* DailyForecastItem.swift */ = {isa = PBXFileReference; lastKnownFileType = sourcecode.swift; path = DailyForecastItem.swift; sourceTree = "<group>"; };
		E7D1675F2B51D7D9006532E2 /* WeatherRepositoryParser.swift */ = {isa = PBXFileReference; lastKnownFileType = sourcecode.swift; path = WeatherRepositoryParser.swift; sourceTree = "<group>"; };
		E7D167612B526928006532E2 /* MainScreenState.swift */ = {isa = PBXFileReference; lastKnownFileType = sourcecode.swift; path = MainScreenState.swift; sourceTree = "<group>"; };
		E7D167632B526DB4006532E2 /* MainScreenViewMapper.swift */ = {isa = PBXFileReference; lastKnownFileType = sourcecode.swift; path = MainScreenViewMapper.swift; sourceTree = "<group>"; };
		E7D167682B52874A006532E2 /* InitMainScreenUseCase.swift */ = {isa = PBXFileReference; lastKnownFileType = sourcecode.swift; path = InitMainScreenUseCase.swift; sourceTree = "<group>"; };
		E7D1676A2B5288F3006532E2 /* UseCaseResult.swift */ = {isa = PBXFileReference; lastKnownFileType = sourcecode.swift; path = UseCaseResult.swift; sourceTree = "<group>"; };
		E7D1676E2B52AA85006532E2 /* CurrentWeatherView.swift */ = {isa = PBXFileReference; lastKnownFileType = sourcecode.swift; path = CurrentWeatherView.swift; sourceTree = "<group>"; };
		E7D167702B52AB41006532E2 /* HourlyForecastCarousel.swift */ = {isa = PBXFileReference; lastKnownFileType = sourcecode.swift; path = HourlyForecastCarousel.swift; sourceTree = "<group>"; };
		E7D167722B52AB8E006532E2 /* DailiForecastList.swift */ = {isa = PBXFileReference; lastKnownFileType = sourcecode.swift; path = DailiForecastList.swift; sourceTree = "<group>"; };
		E7FAC4102B504DB9004EAC3A /* WeatherRepository.swift */ = {isa = PBXFileReference; lastKnownFileType = sourcecode.swift; path = WeatherRepository.swift; sourceTree = "<group>"; };
		E7FAC4152B50537D004EAC3A /* WeatherRepositoryImpl.swift */ = {isa = PBXFileReference; lastKnownFileType = sourcecode.swift; path = WeatherRepositoryImpl.swift; sourceTree = "<group>"; };
		E7FAC4182B505BE2004EAC3A /* WeatherApiService.swift */ = {isa = PBXFileReference; lastKnownFileType = sourcecode.swift; path = WeatherApiService.swift; sourceTree = "<group>"; };
		E7FAC41B2B506299004EAC3A /* AppDelegate+Injection.swift */ = {isa = PBXFileReference; lastKnownFileType = sourcecode.swift; path = "AppDelegate+Injection.swift"; sourceTree = "<group>"; };
		E7FAC41F2B506E4B004EAC3A /* LocationService.swift */ = {isa = PBXFileReference; lastKnownFileType = sourcecode.swift; path = LocationService.swift; sourceTree = "<group>"; };
/* End PBXFileReference section */

/* Begin PBXFrameworksBuildPhase section */
		E7A3B28F2B3EB8380039EB49 /* Frameworks */ = {
			isa = PBXFrameworksBuildPhase;
			buildActionMask = 2147483647;
			files = (
				B911D5512CD85DAE9E345A21 /* Pods_Weather_app.framework in Frameworks */,
			);
			runOnlyForDeploymentPostprocessing = 0;
		};
/* End PBXFrameworksBuildPhase section */

/* Begin PBXGroup section */
		9589997F2BD9D19C196F587F /* Frameworks */ = {
			isa = PBXGroup;
			children = (
				4C882084CECCB2C1FF5E50D1 /* Pods_Weather_app.framework */,
			);
			name = Frameworks;
			sourceTree = "<group>";
		};
		E719ABDA2B5086E400B5D4D1 /* Utils */ = {
			isa = PBXGroup;
			children = (
				E719ABDD2B50876100B5D4D1 /* ApiConstants */,
				E719ABDB2B50870700B5D4D1 /* Errors.swift */,
			);
			path = Utils;
			sourceTree = "<group>";
		};
		E719ABDD2B50876100B5D4D1 /* ApiConstants */ = {
			isa = PBXGroup;
			children = (
				E719ABDE2B50877500B5D4D1 /* ApiConstants.swift */,
			);
			path = ApiConstants;
			sourceTree = "<group>";
		};
		E7A3B2892B3EB8380039EB49 = {
			isa = PBXGroup;
			children = (
				E7A3B2942B3EB8380039EB49 /* Weather app */,
				E7A3B2932B3EB8380039EB49 /* Products */,
				E8242397D5874FFA33ABAA45 /* Pods */,
				9589997F2BD9D19C196F587F /* Frameworks */,
			);
			sourceTree = "<group>";
		};
		E7A3B2932B3EB8380039EB49 /* Products */ = {
			isa = PBXGroup;
			children = (
				E7A3B2922B3EB8380039EB49 /* Weather app.app */,
			);
			name = Products;
			sourceTree = "<group>";
		};
		E7A3B2942B3EB8380039EB49 /* Weather app */ = {
			isa = PBXGroup;
			children = (
				E719ABE02B5117EF00B5D4D1 /* Weather-app-Info.plist */,
				E7FAC41A2B50627A004EAC3A /* DI */,
				E7A3B2BA2B3EEB9B0039EB49 /* Layers */,
				E7A3B2A32B3ECAAD0039EB49 /* Resources */,
				E7A3B2952B3EB8380039EB49 /* Weather_appApp.swift */,
				E7A3B29B2B3EB8390039EB49 /* Preview Content */,
			);
			path = "Weather app";
			sourceTree = "<group>";
		};
		E7A3B29B2B3EB8390039EB49 /* Preview Content */ = {
			isa = PBXGroup;
			children = (
				E7A3B29C2B3EB8390039EB49 /* Preview Assets.xcassets */,
			);
			path = "Preview Content";
			sourceTree = "<group>";
		};
		E7A3B2A32B3ECAAD0039EB49 /* Resources */ = {
			isa = PBXGroup;
			children = (
				E7A3B2A92B3ECF270039EB49 /* l18n */,
				E7A3B2992B3EB8390039EB49 /* Assets.xcassets */,
			);
			path = Resources;
			sourceTree = "<group>";
		};
		E7A3B2A92B3ECF270039EB49 /* l18n */ = {
			isa = PBXGroup;
			children = (
				E7A3B2AA2B3ECF4F0039EB49 /* Localizable.xcstrings */,
				E7A3B2AC2B3EDEDC0039EB49 /* Strings.swift */,
			);
			path = l18n;
			sourceTree = "<group>";
		};
		E7A3B2B22B3EE4350039EB49 /* Presentation */ = {
			isa = PBXGroup;
			children = (
				E7A3B2B32B3EE4460039EB49 /* Views */,
				E7A3B2B62B3EE4B90039EB49 /* Screens */,
				E7A3B2972B3EB8380039EB49 /* ContentView.swift */,
			);
			path = Presentation;
			sourceTree = "<group>";
		};
		E7A3B2B32B3EE4460039EB49 /* Views */ = {
			isa = PBXGroup;
			children = (
				E7A3B2B42B3EE46E0039EB49 /* AppResText.swift */,
				E7A3B2D32B4B127B0039EB49 /* MaxAndMinTempView.swift */,
				E7A3B2D62B4B15130039EB49 /* CurrentTemp.swift */,
				E7A3B2D82B4B16C00039EB49 /* Description.swift */,
				E7A3B2DA2B4B181F0039EB49 /* Title.swift */,
				E7A3B2DC2B4B1BB10039EB49 /* DateView.swift */,
				E7A3B2DE2B4B1D600039EB49 /* OpenWeatherStamp.swift */,
				E7A3B2E02B4B20710039EB49 /* HourlyWeatherItem.swift */,
				E7A3B2E22B4B311C0039EB49 /* DailyForecastItem.swift */,
			);
			path = Views;
			sourceTree = "<group>";
		};
		E7A3B2B62B3EE4B90039EB49 /* Screens */ = {
			isa = PBXGroup;
			children = (
				E7D1676D2B52AA5A006532E2 /* Views */,
				E7A3B2D02B41B7490039EB49 /* MainScreenViewModel */,
				E7A3B2B72B3EE4EE0039EB49 /* MainScreen.swift */,
			);
			path = Screens;
			sourceTree = "<group>";
		};
		E7A3B2B92B3EEB7A0039EB49 /* Domain */ = {
			isa = PBXGroup;
			children = (
				E7D167652B52840B006532E2 /* UseCases */,
				E7FAC40F2B504DA8004EAC3A /* Repositories */,
				E7A3B2BB2B3EEBB40039EB49 /* Models */,
			);
			path = Domain;
			sourceTree = "<group>";
		};
		E7A3B2BA2B3EEB9B0039EB49 /* Layers */ = {
			isa = PBXGroup;
			children = (
				E7FAC40E2B504D83004EAC3A /* Data */,
				E7A3B2B92B3EEB7A0039EB49 /* Domain */,
				E7A3B2B22B3EE4350039EB49 /* Presentation */,
			);
			path = Layers;
			sourceTree = "<group>";
		};
		E7A3B2BB2B3EEBB40039EB49 /* Models */ = {
			isa = PBXGroup;
			children = (
				E7A3B2CD2B41AF610039EB49 /* Coordinates */,
				E7A3B2CA2B41AF160039EB49 /* CurrentWeather */,
				E7A3B2C72B41AED50039EB49 /* SearchCity */,
				E7A3B2C42B41AE5D0039EB49 /* Weather */,
				E7A3B2C12B41ADC60039EB49 /* WeatherCurrentWithForecast */,
				E7A3B2BE2B41A4FD0039EB49 /* WeatherForecast */,
			);
			path = Models;
			sourceTree = "<group>";
		};
		E7A3B2BE2B41A4FD0039EB49 /* WeatherForecast */ = {
			isa = PBXGroup;
			children = (
				E7A3B2BC2B3EECE70039EB49 /* DailyForecast.swift */,
				E7A3B2BF2B41A51D0039EB49 /* HourlyForecast.swift */,
				E719ABD82B5075F900B5D4D1 /* WeatherForecast.swift */,
			);
			path = WeatherForecast;
			sourceTree = "<group>";
		};
		E7A3B2C12B41ADC60039EB49 /* WeatherCurrentWithForecast */ = {
			isa = PBXGroup;
			children = (
				E7A3B2C22B41ADE40039EB49 /* WeatherCurrentWithForecast.swift */,
			);
			path = WeatherCurrentWithForecast;
			sourceTree = "<group>";
		};
		E7A3B2C42B41AE5D0039EB49 /* Weather */ = {
			isa = PBXGroup;
			children = (
				E7A3B2C52B41AE690039EB49 /* Weather.swift */,
			);
			path = Weather;
			sourceTree = "<group>";
		};
		E7A3B2C72B41AED50039EB49 /* SearchCity */ = {
			isa = PBXGroup;
			children = (
				E7A3B2C82B41AEE80039EB49 /* City.swift */,
			);
			path = SearchCity;
			sourceTree = "<group>";
		};
		E7A3B2CA2B41AF160039EB49 /* CurrentWeather */ = {
			isa = PBXGroup;
			children = (
				E7A3B2CB2B41AF250039EB49 /* CurrentWeather.swift */,
			);
			path = CurrentWeather;
			sourceTree = "<group>";
		};
		E7A3B2CD2B41AF610039EB49 /* Coordinates */ = {
			isa = PBXGroup;
			children = (
				E7A3B2CE2B41AF790039EB49 /* LatLng.swift */,
			);
			path = Coordinates;
			sourceTree = "<group>";
		};
		E7A3B2D02B41B7490039EB49 /* MainScreenViewModel */ = {
			isa = PBXGroup;
			children = (
				E7A3B2D12B41B77A0039EB49 /* MainScreenViewModel.swift */,
				E7D167612B526928006532E2 /* MainScreenState.swift */,
				E7D167632B526DB4006532E2 /* MainScreenViewMapper.swift */,
			);
			path = MainScreenViewModel;
			sourceTree = "<group>";
		};
		E7D167652B52840B006532E2 /* UseCases */ = {
			isa = PBXGroup;
			children = (
				E7D1676C2B528E49006532E2 /* InitMainScreenUseCasse */,
			);
			path = UseCases;
			sourceTree = "<group>";
		};
		E7D1676C2B528E49006532E2 /* InitMainScreenUseCasse */ = {
			isa = PBXGroup;
			children = (
				E7D167682B52874A006532E2 /* InitMainScreenUseCase.swift */,
				E7D1676A2B5288F3006532E2 /* UseCaseResult.swift */,
			);
			path = InitMainScreenUseCasse;
			sourceTree = "<group>";
		};
		E7D1676D2B52AA5A006532E2 /* Views */ = {
			isa = PBXGroup;
			children = (
				E7D1676E2B52AA85006532E2 /* CurrentWeatherView.swift */,
				E7D167702B52AB41006532E2 /* HourlyForecastCarousel.swift */,
				E7D167722B52AB8E006532E2 /* DailiForecastList.swift */,
			);
			path = Views;
			sourceTree = "<group>";
		};
		E7FAC40E2B504D83004EAC3A /* Data */ = {
			isa = PBXGroup;
			children = (
				E719ABDA2B5086E400B5D4D1 /* Utils */,
				E7FAC41E2B506E37004EAC3A /* LocationService */,
				E7FAC4172B505BB5004EAC3A /* ApiService */,
				E7FAC4142B505365004EAC3A /* Reository */,
			);
			path = Data;
			sourceTree = "<group>";
		};
		E7FAC40F2B504DA8004EAC3A /* Repositories */ = {
			isa = PBXGroup;
			children = (
				E7FAC4102B504DB9004EAC3A /* WeatherRepository.swift */,
			);
			path = Repositories;
			sourceTree = "<group>";
		};
		E7FAC4142B505365004EAC3A /* Reository */ = {
			isa = PBXGroup;
			children = (
				E7FAC4152B50537D004EAC3A /* WeatherRepositoryImpl.swift */,
				E7D1675F2B51D7D9006532E2 /* WeatherRepositoryParser.swift */,
			);
			path = Reository;
			sourceTree = "<group>";
		};
		E7FAC4172B505BB5004EAC3A /* ApiService */ = {
			isa = PBXGroup;
			children = (
				E7FAC4182B505BE2004EAC3A /* WeatherApiService.swift */,
			);
			path = ApiService;
			sourceTree = "<group>";
		};
		E7FAC41A2B50627A004EAC3A /* DI */ = {
			isa = PBXGroup;
			children = (
				E7FAC41B2B506299004EAC3A /* AppDelegate+Injection.swift */,
			);
			path = DI;
			sourceTree = "<group>";
		};
		E7FAC41E2B506E37004EAC3A /* LocationService */ = {
			isa = PBXGroup;
			children = (
				E7FAC41F2B506E4B004EAC3A /* LocationService.swift */,
			);
			path = LocationService;
			sourceTree = "<group>";
		};
		E8242397D5874FFA33ABAA45 /* Pods */ = {
			isa = PBXGroup;
			children = (
				7F293AE0585035C3D2894D41 /* Pods-Weather app.debug.xcconfig */,
				B8D3A64BFC4D3AEA2E1A8A93 /* Pods-Weather app.release.xcconfig */,
			);
			path = Pods;
			sourceTree = "<group>";
		};
/* End PBXGroup section */

/* Begin PBXNativeTarget section */
		E7A3B2912B3EB8380039EB49 /* Weather app */ = {
			isa = PBXNativeTarget;
			buildConfigurationList = E7A3B2A02B3EB8390039EB49 /* Build configuration list for PBXNativeTarget "Weather app" */;
			buildPhases = (
				C319D8EAB3C37278925068B3 /* [CP] Check Pods Manifest.lock */,
				E7A3B28E2B3EB8380039EB49 /* Sources */,
				E7A3B28F2B3EB8380039EB49 /* Frameworks */,
				E7A3B2902B3EB8380039EB49 /* Resources */,
				38AE8F3C8DBB974E84A2D2CD /* [CP] Embed Pods Frameworks */,
			);
			buildRules = (
			);
			dependencies = (
			);
			name = "Weather app";
			productName = "Weather app";
			productReference = E7A3B2922B3EB8380039EB49 /* Weather app.app */;
			productType = "com.apple.product-type.application";
		};
/* End PBXNativeTarget section */

/* Begin PBXProject section */
		E7A3B28A2B3EB8380039EB49 /* Project object */ = {
			isa = PBXProject;
			attributes = {
				BuildIndependentTargetsInParallel = 1;
				LastSwiftUpdateCheck = 1510;
				LastUpgradeCheck = 1510;
				TargetAttributes = {
					E7A3B2912B3EB8380039EB49 = {
						CreatedOnToolsVersion = 15.1;
					};
				};
			};
			buildConfigurationList = E7A3B28D2B3EB8380039EB49 /* Build configuration list for PBXProject "Weather app" */;
			compatibilityVersion = "Xcode 14.0";
			developmentRegion = en;
			hasScannedForEncodings = 0;
			knownRegions = (
				en,
				ru,
				Base,
			);
			mainGroup = E7A3B2892B3EB8380039EB49;
			productRefGroup = E7A3B2932B3EB8380039EB49 /* Products */;
			projectDirPath = "";
			projectRoot = "";
			targets = (
				E7A3B2912B3EB8380039EB49 /* Weather app */,
			);
		};
/* End PBXProject section */

/* Begin PBXResourcesBuildPhase section */
		E7A3B2902B3EB8380039EB49 /* Resources */ = {
			isa = PBXResourcesBuildPhase;
			buildActionMask = 2147483647;
			files = (
				E7A3B29D2B3EB8390039EB49 /* Preview Assets.xcassets in Resources */,
				E7A3B2AB2B3ECF4F0039EB49 /* Localizable.xcstrings in Resources */,
				E7A3B29A2B3EB8390039EB49 /* Assets.xcassets in Resources */,
			);
			runOnlyForDeploymentPostprocessing = 0;
		};
/* End PBXResourcesBuildPhase section */

/* Begin PBXShellScriptBuildPhase section */
		38AE8F3C8DBB974E84A2D2CD /* [CP] Embed Pods Frameworks */ = {
			isa = PBXShellScriptBuildPhase;
			buildActionMask = 2147483647;
			files = (
			);
			inputFileListPaths = (
				"${PODS_ROOT}/Target Support Files/Pods-Weather app/Pods-Weather app-frameworks-${CONFIGURATION}-input-files.xcfilelist",
			);
			name = "[CP] Embed Pods Frameworks";
			outputFileListPaths = (
				"${PODS_ROOT}/Target Support Files/Pods-Weather app/Pods-Weather app-frameworks-${CONFIGURATION}-output-files.xcfilelist",
			);
			runOnlyForDeploymentPostprocessing = 0;
			shellPath = /bin/sh;
			shellScript = "\"${PODS_ROOT}/Target Support Files/Pods-Weather app/Pods-Weather app-frameworks.sh\"\n";
			showEnvVarsInLog = 0;
		};
		C319D8EAB3C37278925068B3 /* [CP] Check Pods Manifest.lock */ = {
			isa = PBXShellScriptBuildPhase;
			buildActionMask = 2147483647;
			files = (
			);
			inputFileListPaths = (
			);
			inputPaths = (
				"${PODS_PODFILE_DIR_PATH}/Podfile.lock",
				"${PODS_ROOT}/Manifest.lock",
			);
			name = "[CP] Check Pods Manifest.lock";
			outputFileListPaths = (
			);
			outputPaths = (
				"$(DERIVED_FILE_DIR)/Pods-Weather app-checkManifestLockResult.txt",
			);
			runOnlyForDeploymentPostprocessing = 0;
			shellPath = /bin/sh;
			shellScript = "diff \"${PODS_PODFILE_DIR_PATH}/Podfile.lock\" \"${PODS_ROOT}/Manifest.lock\" > /dev/null\nif [ $? != 0 ] ; then\n    # print error to STDERR\n    echo \"error: The sandbox is not in sync with the Podfile.lock. Run 'pod install' or update your CocoaPods installation.\" >&2\n    exit 1\nfi\n# This output is used by Xcode 'outputs' to avoid re-running this script phase.\necho \"SUCCESS\" > \"${SCRIPT_OUTPUT_FILE_0}\"\n";
			showEnvVarsInLog = 0;
		};
/* End PBXShellScriptBuildPhase section */

/* Begin PBXSourcesBuildPhase section */
		E7A3B28E2B3EB8380039EB49 /* Sources */ = {
			isa = PBXSourcesBuildPhase;
			buildActionMask = 2147483647;
			files = (
				E719ABD92B5075F900B5D4D1 /* WeatherForecast.swift in Sources */,
				E7A3B2E12B4B20710039EB49 /* HourlyWeatherItem.swift in Sources */,
				E7A3B2D92B4B16C00039EB49 /* Description.swift in Sources */,
				E7FAC41C2B506299004EAC3A /* AppDelegate+Injection.swift in Sources */,
				E7FAC4162B50537D004EAC3A /* WeatherRepositoryImpl.swift in Sources */,
				E7A3B2DB2B4B181F0039EB49 /* Title.swift in Sources */,
				E7A3B2C02B41A51D0039EB49 /* HourlyForecast.swift in Sources */,
				E7A3B2D22B41B77A0039EB49 /* MainScreenViewModel.swift in Sources */,
				E7D167712B52AB41006532E2 /* HourlyForecastCarousel.swift in Sources */,
				E7A3B2CC2B41AF250039EB49 /* CurrentWeather.swift in Sources */,
				E7A3B2DF2B4B1D600039EB49 /* OpenWeatherStamp.swift in Sources */,
				E7A3B2E32B4B311C0039EB49 /* DailyForecastItem.swift in Sources */,
				E7A3B2982B3EB8380039EB49 /* ContentView.swift in Sources */,
				E7A3B2DD2B4B1BB10039EB49 /* DateView.swift in Sources */,
				E7A3B2C32B41ADE40039EB49 /* WeatherCurrentWithForecast.swift in Sources */,
				E719ABDF2B50877500B5D4D1 /* ApiConstants.swift in Sources */,
				E7D167602B51D7DA006532E2 /* WeatherRepositoryParser.swift in Sources */,
				E7D1676B2B5288F3006532E2 /* UseCaseResult.swift in Sources */,
				E7A3B2AD2B3EDEDC0039EB49 /* Strings.swift in Sources */,
				E7A3B2CF2B41AF790039EB49 /* LatLng.swift in Sources */,
				E7FAC4192B505BE2004EAC3A /* WeatherApiService.swift in Sources */,
				E7A3B2C62B41AE690039EB49 /* Weather.swift in Sources */,
				E7A3B2BD2B3EECE70039EB49 /* DailyForecast.swift in Sources */,
				E7A3B2C92B41AEE80039EB49 /* City.swift in Sources */,
				E719ABDC2B50870700B5D4D1 /* Errors.swift in Sources */,
				E7D167622B526928006532E2 /* MainScreenState.swift in Sources */,
				E7A3B2D42B4B127B0039EB49 /* MaxAndMinTempView.swift in Sources */,
				E7D167692B52874A006532E2 /* InitMainScreenUseCase.swift in Sources */,
				E7A3B2B82B3EE4EE0039EB49 /* MainScreen.swift in Sources */,
				E7D167642B526DB4006532E2 /* MainScreenViewMapper.swift in Sources */,
				E7A3B2962B3EB8380039EB49 /* Weather_appApp.swift in Sources */,
				E7FAC4202B506E4B004EAC3A /* LocationService.swift in Sources */,
				E7D1676F2B52AA85006532E2 /* CurrentWeatherView.swift in Sources */,
				E7A3B2B52B3EE46E0039EB49 /* AppResText.swift in Sources */,
				E7FAC4112B504DB9004EAC3A /* WeatherRepository.swift in Sources */,
				E7D167732B52AB8E006532E2 /* DailiForecastList.swift in Sources */,
				E7A3B2D72B4B15130039EB49 /* CurrentTemp.swift in Sources */,
			);
			runOnlyForDeploymentPostprocessing = 0;
		};
/* End PBXSourcesBuildPhase section */

/* Begin XCBuildConfiguration section */
		E7A3B29E2B3EB8390039EB49 /* Debug */ = {
			isa = XCBuildConfiguration;
			buildSettings = {
				ALWAYS_SEARCH_USER_PATHS = NO;
				ASSETCATALOG_COMPILER_GENERATE_SWIFT_ASSET_SYMBOL_EXTENSIONS = YES;
				CLANG_ANALYZER_NONNULL = YES;
				CLANG_ANALYZER_NUMBER_OBJECT_CONVERSION = YES_AGGRESSIVE;
				CLANG_CXX_LANGUAGE_STANDARD = "gnu++20";
				CLANG_ENABLE_MODULES = YES;
				CLANG_ENABLE_OBJC_ARC = YES;
				CLANG_ENABLE_OBJC_WEAK = YES;
				CLANG_WARN_BLOCK_CAPTURE_AUTORELEASING = YES;
				CLANG_WARN_BOOL_CONVERSION = YES;
				CLANG_WARN_COMMA = YES;
				CLANG_WARN_CONSTANT_CONVERSION = YES;
				CLANG_WARN_DEPRECATED_OBJC_IMPLEMENTATIONS = YES;
				CLANG_WARN_DIRECT_OBJC_ISA_USAGE = YES_ERROR;
				CLANG_WARN_DOCUMENTATION_COMMENTS = YES;
				CLANG_WARN_EMPTY_BODY = YES;
				CLANG_WARN_ENUM_CONVERSION = YES;
				CLANG_WARN_INFINITE_RECURSION = YES;
				CLANG_WARN_INT_CONVERSION = YES;
				CLANG_WARN_NON_LITERAL_NULL_CONVERSION = YES;
				CLANG_WARN_OBJC_IMPLICIT_RETAIN_SELF = YES;
				CLANG_WARN_OBJC_LITERAL_CONVERSION = YES;
				CLANG_WARN_OBJC_ROOT_CLASS = YES_ERROR;
				CLANG_WARN_QUOTED_INCLUDE_IN_FRAMEWORK_HEADER = YES;
				CLANG_WARN_RANGE_LOOP_ANALYSIS = YES;
				CLANG_WARN_STRICT_PROTOTYPES = YES;
				CLANG_WARN_SUSPICIOUS_MOVE = YES;
				CLANG_WARN_UNGUARDED_AVAILABILITY = YES_AGGRESSIVE;
				CLANG_WARN_UNREACHABLE_CODE = YES;
				CLANG_WARN__DUPLICATE_METHOD_MATCH = YES;
				COPY_PHASE_STRIP = NO;
				DEBUG_INFORMATION_FORMAT = dwarf;
				ENABLE_STRICT_OBJC_MSGSEND = YES;
				ENABLE_TESTABILITY = YES;
				ENABLE_USER_SCRIPT_SANDBOXING = YES;
				GCC_C_LANGUAGE_STANDARD = gnu17;
				GCC_DYNAMIC_NO_PIC = NO;
				GCC_NO_COMMON_BLOCKS = YES;
				GCC_OPTIMIZATION_LEVEL = 0;
				GCC_PREPROCESSOR_DEFINITIONS = (
					"DEBUG=1",
					"$(inherited)",
				);
				GCC_WARN_64_TO_32_BIT_CONVERSION = YES;
				GCC_WARN_ABOUT_RETURN_TYPE = YES_ERROR;
				GCC_WARN_UNDECLARED_SELECTOR = YES;
				GCC_WARN_UNINITIALIZED_AUTOS = YES_AGGRESSIVE;
				GCC_WARN_UNUSED_FUNCTION = YES;
				GCC_WARN_UNUSED_VARIABLE = YES;
				IPHONEOS_DEPLOYMENT_TARGET = 17.2;
				LOCALIZATION_PREFERS_STRING_CATALOGS = YES;
				MTL_ENABLE_DEBUG_INFO = INCLUDE_SOURCE;
				MTL_FAST_MATH = YES;
				ONLY_ACTIVE_ARCH = YES;
				SDKROOT = iphoneos;
				SWIFT_ACTIVE_COMPILATION_CONDITIONS = "DEBUG $(inherited)";
				SWIFT_OPTIMIZATION_LEVEL = "-Onone";
			};
			name = Debug;
		};
		E7A3B29F2B3EB8390039EB49 /* Release */ = {
			isa = XCBuildConfiguration;
			buildSettings = {
				ALWAYS_SEARCH_USER_PATHS = NO;
				ASSETCATALOG_COMPILER_GENERATE_SWIFT_ASSET_SYMBOL_EXTENSIONS = YES;
				CLANG_ANALYZER_NONNULL = YES;
				CLANG_ANALYZER_NUMBER_OBJECT_CONVERSION = YES_AGGRESSIVE;
				CLANG_CXX_LANGUAGE_STANDARD = "gnu++20";
				CLANG_ENABLE_MODULES = YES;
				CLANG_ENABLE_OBJC_ARC = YES;
				CLANG_ENABLE_OBJC_WEAK = YES;
				CLANG_WARN_BLOCK_CAPTURE_AUTORELEASING = YES;
				CLANG_WARN_BOOL_CONVERSION = YES;
				CLANG_WARN_COMMA = YES;
				CLANG_WARN_CONSTANT_CONVERSION = YES;
				CLANG_WARN_DEPRECATED_OBJC_IMPLEMENTATIONS = YES;
				CLANG_WARN_DIRECT_OBJC_ISA_USAGE = YES_ERROR;
				CLANG_WARN_DOCUMENTATION_COMMENTS = YES;
				CLANG_WARN_EMPTY_BODY = YES;
				CLANG_WARN_ENUM_CONVERSION = YES;
				CLANG_WARN_INFINITE_RECURSION = YES;
				CLANG_WARN_INT_CONVERSION = YES;
				CLANG_WARN_NON_LITERAL_NULL_CONVERSION = YES;
				CLANG_WARN_OBJC_IMPLICIT_RETAIN_SELF = YES;
				CLANG_WARN_OBJC_LITERAL_CONVERSION = YES;
				CLANG_WARN_OBJC_ROOT_CLASS = YES_ERROR;
				CLANG_WARN_QUOTED_INCLUDE_IN_FRAMEWORK_HEADER = YES;
				CLANG_WARN_RANGE_LOOP_ANALYSIS = YES;
				CLANG_WARN_STRICT_PROTOTYPES = YES;
				CLANG_WARN_SUSPICIOUS_MOVE = YES;
				CLANG_WARN_UNGUARDED_AVAILABILITY = YES_AGGRESSIVE;
				CLANG_WARN_UNREACHABLE_CODE = YES;
				CLANG_WARN__DUPLICATE_METHOD_MATCH = YES;
				COPY_PHASE_STRIP = NO;
				DEBUG_INFORMATION_FORMAT = "dwarf-with-dsym";
				ENABLE_NS_ASSERTIONS = NO;
				ENABLE_STRICT_OBJC_MSGSEND = YES;
				ENABLE_USER_SCRIPT_SANDBOXING = YES;
				GCC_C_LANGUAGE_STANDARD = gnu17;
				GCC_NO_COMMON_BLOCKS = YES;
				GCC_WARN_64_TO_32_BIT_CONVERSION = YES;
				GCC_WARN_ABOUT_RETURN_TYPE = YES_ERROR;
				GCC_WARN_UNDECLARED_SELECTOR = YES;
				GCC_WARN_UNINITIALIZED_AUTOS = YES_AGGRESSIVE;
				GCC_WARN_UNUSED_FUNCTION = YES;
				GCC_WARN_UNUSED_VARIABLE = YES;
				IPHONEOS_DEPLOYMENT_TARGET = 17.2;
				LOCALIZATION_PREFERS_STRING_CATALOGS = YES;
				MTL_ENABLE_DEBUG_INFO = NO;
				MTL_FAST_MATH = YES;
				SDKROOT = iphoneos;
				SWIFT_COMPILATION_MODE = wholemodule;
				VALIDATE_PRODUCT = YES;
			};
			name = Release;
		};
		E7A3B2A12B3EB8390039EB49 /* Debug */ = {
			isa = XCBuildConfiguration;
			baseConfigurationReference = 7F293AE0585035C3D2894D41 /* Pods-Weather app.debug.xcconfig */;
			buildSettings = {
				ASSETCATALOG_COMPILER_APPICON_NAME = AppIcon;
				ASSETCATALOG_COMPILER_GLOBAL_ACCENT_COLOR_NAME = AccentColor;
				CODE_SIGN_STYLE = Automatic;
				CURRENT_PROJECT_VERSION = 1;
				DEVELOPMENT_ASSET_PATHS = "\"Weather app/Preview Content\"";
				DEVELOPMENT_TEAM = JM3L6XG52T;
				ENABLE_PREVIEWS = YES;
				ENABLE_USER_SCRIPT_SANDBOXING = NO;
				GENERATE_INFOPLIST_FILE = YES;
				INFOPLIST_FILE = "Weather-app-Info.plist";
				INFOPLIST_KEY_LSApplicationCategoryType = "";
				INFOPLIST_KEY_NSLocationAlwaysAndWhenInUseUsageDescription = "Access to location while using this app";
				INFOPLIST_KEY_NSLocationWhenInUseUsageDescription = "Access to location while using this app";
				INFOPLIST_KEY_UIApplicationSceneManifest_Generation = YES;
				INFOPLIST_KEY_UIApplicationSupportsIndirectInputEvents = YES;
				INFOPLIST_KEY_UILaunchScreen_Generation = YES;
				INFOPLIST_KEY_UISupportedInterfaceOrientations_iPad = "UIInterfaceOrientationPortrait UIInterfaceOrientationPortraitUpsideDown UIInterfaceOrientationLandscapeLeft UIInterfaceOrientationLandscapeRight";
				INFOPLIST_KEY_UISupportedInterfaceOrientations_iPhone = "UIInterfaceOrientationPortrait UIInterfaceOrientationLandscapeLeft UIInterfaceOrientationLandscapeRight";
				IPHONEOS_DEPLOYMENT_TARGET = 17.0;
				LD_RUNPATH_SEARCH_PATHS = (
					"$(inherited)",
					"@executable_path/Frameworks",
				);
				MARKETING_VERSION = 1.0;
				PRODUCT_BUNDLE_IDENTIFIER = "Bondidos.com.Weather-app";
				PRODUCT_NAME = "$(TARGET_NAME)";
				SWIFT_EMIT_LOC_STRINGS = YES;
				SWIFT_VERSION = 5.0;
				TARGETED_DEVICE_FAMILY = "1,2";
			};
			name = Debug;
		};
		E7A3B2A22B3EB8390039EB49 /* Release */ = {
			isa = XCBuildConfiguration;
			baseConfigurationReference = B8D3A64BFC4D3AEA2E1A8A93 /* Pods-Weather app.release.xcconfig */;
			buildSettings = {
				ASSETCATALOG_COMPILER_APPICON_NAME = AppIcon;
				ASSETCATALOG_COMPILER_GLOBAL_ACCENT_COLOR_NAME = AccentColor;
				CODE_SIGN_STYLE = Automatic;
				CURRENT_PROJECT_VERSION = 1;
				DEVELOPMENT_ASSET_PATHS = "\"Weather app/Preview Content\"";
				DEVELOPMENT_TEAM = JM3L6XG52T;
				ENABLE_PREVIEWS = YES;
				ENABLE_USER_SCRIPT_SANDBOXING = NO;
				GENERATE_INFOPLIST_FILE = YES;
				INFOPLIST_FILE = "Weather-app-Info.plist";
				INFOPLIST_KEY_LSApplicationCategoryType = "";
				INFOPLIST_KEY_NSLocationAlwaysAndWhenInUseUsageDescription = "Access to location while using this app";
				INFOPLIST_KEY_NSLocationWhenInUseUsageDescription = "Access to location while using this app";
				INFOPLIST_KEY_UIApplicationSceneManifest_Generation = YES;
				INFOPLIST_KEY_UIApplicationSupportsIndirectInputEvents = YES;
				INFOPLIST_KEY_UILaunchScreen_Generation = YES;
				INFOPLIST_KEY_UISupportedInterfaceOrientations_iPad = "UIInterfaceOrientationPortrait UIInterfaceOrientationPortraitUpsideDown UIInterfaceOrientationLandscapeLeft UIInterfaceOrientationLandscapeRight";
				INFOPLIST_KEY_UISupportedInterfaceOrientations_iPhone = "UIInterfaceOrientationPortrait UIInterfaceOrientationLandscapeLeft UIInterfaceOrientationLandscapeRight";
				IPHONEOS_DEPLOYMENT_TARGET = 17.0;
				LD_RUNPATH_SEARCH_PATHS = (
					"$(inherited)",
					"@executable_path/Frameworks",
				);
				MARKETING_VERSION = 1.0;
				PRODUCT_BUNDLE_IDENTIFIER = "Bondidos.com.Weather-app";
				PRODUCT_NAME = "$(TARGET_NAME)";
				SWIFT_EMIT_LOC_STRINGS = YES;
				SWIFT_VERSION = 5.0;
				TARGETED_DEVICE_FAMILY = "1,2";
			};
			name = Release;
		};
/* End XCBuildConfiguration section */

/* Begin XCConfigurationList section */
		E7A3B28D2B3EB8380039EB49 /* Build configuration list for PBXProject "Weather app" */ = {
			isa = XCConfigurationList;
			buildConfigurations = (
				E7A3B29E2B3EB8390039EB49 /* Debug */,
				E7A3B29F2B3EB8390039EB49 /* Release */,
			);
			defaultConfigurationIsVisible = 0;
			defaultConfigurationName = Release;
		};
		E7A3B2A02B3EB8390039EB49 /* Build configuration list for PBXNativeTarget "Weather app" */ = {
			isa = XCConfigurationList;
			buildConfigurations = (
				E7A3B2A12B3EB8390039EB49 /* Debug */,
				E7A3B2A22B3EB8390039EB49 /* Release */,
			);
			defaultConfigurationIsVisible = 0;
			defaultConfigurationName = Release;
		};
/* End XCConfigurationList section */
	};
	rootObject = E7A3B28A2B3EB8380039EB49 /* Project object */;
}
